<?xml version="1.0" encoding="utf-8"?>
<Project ToolsVersion="4.0" xmlns="http://schemas.microsoft.com/developer/msbuild/2003">
  <ItemGroup>
    <Filter Include="Shader">
      <UniqueIdentifier>{c02c9b98-29b8-4adf-8e1b-676c21de062b}</UniqueIdentifier>
    </Filter>
    <Filter Include="Common">
      <UniqueIdentifier>{d37eaf1e-576d-4e91-81f6-0830606a3729}</UniqueIdentifier>
    </Filter>
    <Filter Include="ShaderData">
      <UniqueIdentifier>{678c74e8-7100-49f9-9df7-4af8074867f9}</UniqueIdentifier>
    </Filter>
    <Filter Include="Data">
      <UniqueIdentifier>{65d64b83-c8ec-4219-9296-db1794feb516}</UniqueIdentifier>
    </Filter>
    <Filter Include="Renderer">
      <UniqueIdentifier>{80c1cb8b-d8ac-44c4-8c62-8e2b9166b2f1}</UniqueIdentifier>
    </Filter>
  </ItemGroup>
  <ItemGroup>
    <ClCompile Include="main.cpp" />
    <ClCompile Include="Shader\Shader.cpp">
      <Filter>Shader</Filter>
    </ClCompile>
    <ClCompile Include="Window\HelloTriangle.cpp">
      <Filter>Renderer</Filter>
    </ClCompile>
    <ClCompile Include="Window\ValidationCallbacks.cpp">
      <Filter>Renderer</Filter>
    </ClCompile>
    <ClCompile Include="Window\Renderer.cpp">
      <Filter>Renderer</Filter>
    </ClCompile>
    <ClCompile Include="Application.cpp" />
    <ClCompile Include="Window\RenderWindow.cpp">
      <Filter>Renderer</Filter>
    </ClCompile>
  </ItemGroup>
  <ItemGroup>
    <ClInclude Include="Common\Common.h">
      <Filter>Common</Filter>
    </ClInclude>
    <ClInclude Include="Shader\Shader.h">
      <Filter>Shader</Filter>
    </ClInclude>
    <ClInclude Include="Window\HelloTriangle.h">
      <Filter>Renderer</Filter>
    </ClInclude>
    <ClInclude Include="Window\ValidationCallbacks.h">
      <Filter>Renderer</Filter>
    </ClInclude>
    <ClInclude Include="Window\Renderer.h">
      <Filter>Renderer</Filter>
    </ClInclude>
    <ClInclude Include="Application.h" />
    <ClInclude Include="Window\RenderWindow.h">
      <Filter>Renderer</Filter>
    </ClInclude>
  </ItemGroup>
  <ItemGroup>
    <None Include="packages.config" />
    <None Include="ShaderData\HelloTriangle.frag">
      <Filter>ShaderData</Filter>
    </None>
    <None Include="ShaderData\HelloTriangle.vert">
      <Filter>ShaderData</Filter>
    </None>
    <None Include="Data\window.settings.json">
      <Filter>Data</Filter>
    </None>
  </ItemGroup>
</Project>