<?xml version="1.0" encoding="utf-8"?>
<Project ToolsVersion="4.0" xmlns="http://schemas.microsoft.com/developer/msbuild/2003">
  <ItemGroup>
    <Filter Include="Resource Files">
      <UniqueIdentifier>{67DA6AB6-F800-4c08-8B7A-83BB121AAD01}</UniqueIdentifier>
      <Extensions>rc;ico;cur;bmp;dlg;rc2;rct;bin;rgs;gif;jpg;jpeg;jpe;resx;tiff;tif;png;wav;mfcribbon-ms</Extensions>
    </Filter>
    <Filter Include="Data">
      <UniqueIdentifier>{678c74e8-7100-49f9-9df7-4af8074867f9}</UniqueIdentifier>
    </Filter>
    <Filter Include="Renderer">
      <UniqueIdentifier>{90ff168f-b642-46d1-9446-3918ee12e048}</UniqueIdentifier>
    </Filter>
    <Filter Include="Renderer\Window">
      <UniqueIdentifier>{57a75c19-dcc7-45c5-ba51-2f590a0dae13}</UniqueIdentifier>
    </Filter>
    <Filter Include="Renderer\Shader">
      <UniqueIdentifier>{c02c9b98-29b8-4adf-8e1b-676c21de062b}</UniqueIdentifier>
    </Filter>
    <Filter Include="Renderer\Shader\ShaderFiles">
      <UniqueIdentifier>{a6d7c8b7-51c0-41db-afb9-2ff617728959}</UniqueIdentifier>
    </Filter>
  </ItemGroup>
  <ItemGroup>
    <ClCompile Include="main.cpp" />
    <ClCompile Include="ShaderHelper.cpp">
      <Filter>Renderer\Shader</Filter>
    </ClCompile>
    <ClCompile Include="HelloTriangle.cpp">
      <Filter>Renderer\Window</Filter>
    </ClCompile>
    <ClCompile Include="ValidationCallbacks.cpp">
      <Filter>Renderer\Window</Filter>
    </ClCompile>
  </ItemGroup>
  <ItemGroup>
    <ClInclude Include="Common.h">
      <Filter>Renderer</Filter>
    </ClInclude>
    <ClInclude Include="ShaderHelper.h">
      <Filter>Renderer\Shader</Filter>
    </ClInclude>
    <ClInclude Include="HelloTriangle.h">
      <Filter>Renderer\Window</Filter>
    </ClInclude>
    <ClInclude Include="ValidationCallbacks.h">
      <Filter>Renderer\Window</Filter>
    </ClInclude>
  </ItemGroup>
  <ItemGroup>
    <None Include="Shaders\HelloTriangle.frag">
      <Filter>Renderer\Shader\ShaderFiles</Filter>
    </None>
    <None Include="Shaders\HelloTriangle.vert">
      <Filter>Renderer\Shader\ShaderFiles</Filter>
    </None>
    <None Include="packages.config" />
  </ItemGroup>
</Project>